
Microsoft Visual Studio Solution File, Format Version 12.00
# Visual Studio Version 17
VisualStudioVersion = 17.14.36811.4 d17.14
MinimumVisualStudioVersion = 10.0.40219.1
Project("{FAE04EC0-301F-11D3-BF4B-00C04F79EFBC}") = "OlmerovaIlkoGame", "OlmerovaIlkoGame\OlmerovaIlkoGame.csproj", "{38FE945B-6CD7-41F1-BBD9-9A226F739257}"
EndProject
Global
	GlobalSection(SolutionConfigurationPlatforms) = preSolution
		Debug|Any CPU = Debug|Any CPU
		Release|Any CPU = Release|Any CPU
	EndGlobalSection
	GlobalSection(ProjectConfigurationPlatforms) = postSolution
		{38FE945B-6CD7-41F1-BBD9-9A226F739257}.Debug|Any CPU.ActiveCfg = Debug|Any CPU
		{38FE945B-6CD7-41F1-BBD9-9A226F739257}.Debug|Any CPU.Build.0 = Debug|Any CPU
		{38FE945B-6CD7-41F1-BBD9-9A226F739257}.Release|Any CPU.ActiveCfg = Release|Any CPU
		{38FE945B-6CD7-41F1-BBD9-9A226F739257}.Release|Any CPU.Build.0 = Release|Any CPU
	EndGlobalSection
	GlobalSection(SolutionProperties) = preSolution
		HideSolutionNode = FALSE
	EndGlobalSection
	GlobalSection(ExtensibilityGlobals) = postSolution
		SolutionGuid = {90ABEDCB-9470-4FC9-A8AB-35AD7AA2C9EB}
	EndGlobalSection
EndGlobal
